// !$*UTF8*$!
{
	archiveVersion = 1;
	classes = {
	};
	objectVersion = 46;
	objects = {

/* Begin PBXBuildFile section */
		18B97D8A1C75ADB700712053 /* AppDelegate.swift in Sources */ = {isa = PBXBuildFile; fileRef = 18B97D891C75ADB700712053 /* AppDelegate.swift */; };
		18B97D8C1C75ADB700712053 /* ViewController.swift in Sources */ = {isa = PBXBuildFile; fileRef = 18B97D8B1C75ADB700712053 /* ViewController.swift */; };
		18B97D8F1C75ADB700712053 /* Main.storyboard in Resources */ = {isa = PBXBuildFile; fileRef = 18B97D8D1C75ADB700712053 /* Main.storyboard */; };
		18B97D911C75ADB700712053 /* Assets.xcassets in Resources */ = {isa = PBXBuildFile; fileRef = 18B97D901C75ADB700712053 /* Assets.xcassets */; };
		18B97D941C75ADB700712053 /* LaunchScreen.storyboard in Resources */ = {isa = PBXBuildFile; fileRef = 18B97D921C75ADB700712053 /* LaunchScreen.storyboard */; };
		18B97D9F1C75ADB700712053 /* navbarImageTests.swift in Sources */ = {isa = PBXBuildFile; fileRef = 18B97D9E1C75ADB700712053 /* navbarImageTests.swift */; };
		18B97DAA1C75ADB700712053 /* navbarImageUITests.swift in Sources */ = {isa = PBXBuildFile; fileRef = 18B97DA91C75ADB700712053 /* navbarImageUITests.swift */; };
/* End PBXBuildFile section */

/* Begin PBXContainerItemProxy section */
		18B97D9B1C75ADB700712053 /* PBXContainerItemProxy */ = {
			isa = PBXContainerItemProxy;
			containerPortal = 18B97D7E1C75ADB700712053 /* Project object */;
			proxyType = 1;
			remoteGlobalIDString = 18B97D851C75ADB700712053;
			remoteInfo = navbarImage;
		};
		18B97DA61C75ADB700712053 /* PBXContainerItemProxy */ = {
			isa = PBXContainerItemProxy;
			containerPortal = 18B97D7E1C75ADB700712053 /* Project object */;
			proxyType = 1;
			remoteGlobalIDString = 18B97D851C75ADB700712053;
			remoteInfo = navbarImage;
		};
/* End PBXContainerItemProxy section */

/* Begin PBXFileReference section */
		18B97D861C75ADB700712053 /* navbarImage.app */ = {isa = PBXFileReference; explicitFileType = wrapper.application; includeInIndex = 0; path = navbarImage.app; sourceTree = BUILT_PRODUCTS_DIR; };
		18B97D891C75ADB700712053 /* AppDelegate.swift */ = {isa = PBXFileReference; lastKnownFileType = sourcecode.swift; path = AppDelegate.swift; sourceTree = "<group>"; };
		18B97D8B1C75ADB700712053 /* ViewController.swift */ = {isa = PBXFileReference; lastKnownFileType = sourcecode.swift; path = ViewController.swift; sourceTree = "<group>"; };
		18B97D8E1C75ADB700712053 /* Base */ = {isa = PBXFileReference; lastKnownFileType = file.storyboard; name = Base; path = Base.lproj/Main.storyboard; sourceTree = "<group>"; };
		18B97D901C75ADB700712053 /* Assets.xcassets */ = {isa = PBXFileReference; lastKnownFileType = folder.assetcatalog; path = Assets.xcassets; sourceTree = "<group>"; };
		18B97D931C75ADB700712053 /* Base */ = {isa = PBXFileReference; lastKnownFileType = file.storyboard; name = Base; path = Base.lproj/LaunchScreen.storyboard; sourceTree = "<group>"; };
		18B97D951C75ADB700712053 /* Info.plist */ = {isa = PBXFileReference; lastKnownFileType = text.plist.xml; path = Info.plist; sourceTree = "<group>"; };
		18B97D9A1C75ADB700712053 /* navbarImageTests.xctest */ = {isa = PBXFileReference; explicitFileType = wrapper.cfbundle; includeInIndex = 0; path = navbarImageTests.xctest; sourceTree = BUILT_PRODUCTS_DIR; };
		18B97D9E1C75ADB700712053 /* navbarImageTests.swift */ = {isa = PBXFileReference; lastKnownFileType = sourcecode.swift; path = navbarImageTests.swift; sourceTree = "<group>"; };
		18B97DA01C75ADB700712053 /* Info.plist */ = {isa = PBXFileReference; lastKnownFileType = text.plist.xml; path = Info.plist; sourceTree = "<group>"; };
		18B97DA51C75ADB700712053 /* navbarImageUITests.xctest */ = {isa = PBXFileReference; explicitFileType = wrapper.cfbundle; includeInIndex = 0; path = navbarImageUITests.xctest; sourceTree = BUILT_PRODUCTS_DIR; };
		18B97DA91C75ADB700712053 /* navbarImageUITests.swift */ = {isa = PBXFileReference; lastKnownFileType = sourcecode.swift; path = navbarImageUITests.swift; sourceTree = "<group>"; };
		18B97DAB1C75ADB700712053 /* Info.plist */ = {isa = PBXFileReference; lastKnownFileType = text.plist.xml; path = Info.plist; sourceTree = "<group>"; };
/* End PBXFileReference section */

/* Begin PBXFrameworksBuildPhase section */
		18B97D831C75ADB700712053 /* Frameworks */ = {
			isa = PBXFrameworksBuildPhase;
			buildActionMask = 2147483647;
			files = (
			);
			runOnlyForDeploymentPostprocessing = 0;
		};
		18B97D971C75ADB700712053 /* Frameworks */ = {
			isa = PBXFrameworksBuildPhase;
			buildActionMask = 2147483647;
			files = (
			);
			runOnlyForDeploymentPostprocessing = 0;
		};
		18B97DA21C75ADB700712053 /* Frameworks */ = {
			isa = PBXFrameworksBuildPhase;
			buildActionMask = 2147483647;
			files = (
			);
			runOnlyForDeploymentPostprocessing = 0;
		};
/* End PBXFrameworksBuildPhase section */

/* Begin PBXGroup section */
		18B97D7D1C75ADB700712053 = {
			isa = PBXGroup;
			children = (
				18B97D881C75ADB700712053 /* navbarImage */,
				18B97D9D1C75ADB700712053 /* navbarImageTests */,
				18B97DA81C75ADB700712053 /* navbarImageUITests */,
				18B97D871C75ADB700712053 /* Products */,
			);
			sourceTree = "<group>";
		};
		18B97D871C75ADB700712053 /* Products */ = {
			isa = PBXGroup;
			children = (
				18B97D861C75ADB700712053 /* navbarImage.app */,
				18B97D9A1C75ADB700712053 /* navbarImageTests.xctest */,
				18B97DA51C75ADB700712053 /* navbarImageUITests.xctest */,
			);
			name = Products;
			sourceTree = "<group>";
		};
		18B97D881C75ADB700712053 /* navbarImage */ = {
			isa = PBXGroup;
			children = (
				18B97D891C75ADB700712053 /* AppDelegate.swift */,
				18B97D8B1C75ADB700712053 /* ViewController.swift */,
				18B97D8D1C75ADB700712053 /* Main.storyboard */,
				18B97D901C75ADB700712053 /* Assets.xcassets */,
				18B97D921C75ADB700712053 /* LaunchScreen.storyboard */,
				18B97D951C75ADB700712053 /* Info.plist */,
			);
			path = navbarImage;
			sourceTree = "<group>";
		};
		18B97D9D1C75ADB700712053 /* navbarImageTests */ = {
			isa = PBXGroup;
			children = (
				18B97D9E1C75ADB700712053 /* navbarImageTests.swift */,
				18B97DA01C75ADB700712053 /* Info.plist */,
			);
			path = navbarImageTests;
			sourceTree = "<group>";
		};
		18B97DA81C75ADB700712053 /* navbarImageUITests */ = {
			isa = PBXGroup;
			children = (
				18B97DA91C75ADB700712053 /* navbarImageUITests.swift */,
				18B97DAB1C75ADB700712053 /* Info.plist */,
			);
			path = navbarImageUITests;
			sourceTree = "<group>";
		};
/* End PBXGroup section */

/* Begin PBXNativeTarget section */
		18B97D851C75ADB700712053 /* navbarImage */ = {
			isa = PBXNativeTarget;
			buildConfigurationList = 18B97DAE1C75ADB700712053 /* Build configuration list for PBXNativeTarget "navbarImage" */;
			buildPhases = (
				18B97D821C75ADB700712053 /* Sources */,
				18B97D831C75ADB700712053 /* Frameworks */,
				18B97D841C75ADB700712053 /* Resources */,
			);
			buildRules = (
			);
			dependencies = (
			);
			name = navbarImage;
			productName = navbarImage;
			productReference = 18B97D861C75ADB700712053 /* navbarImage.app */;
			productType = "com.apple.product-type.application";
		};
		18B97D991C75ADB700712053 /* navbarImageTests */ = {
			isa = PBXNativeTarget;
			buildConfigurationList = 18B97DB11C75ADB700712053 /* Build configuration list for PBXNativeTarget "navbarImageTests" */;
			buildPhases = (
				18B97D961C75ADB700712053 /* Sources */,
				18B97D971C75ADB700712053 /* Frameworks */,
				18B97D981C75ADB700712053 /* Resources */,
			);
			buildRules = (
			);
			dependencies = (
				18B97D9C1C75ADB700712053 /* PBXTargetDependency */,
			);
			name = navbarImageTests;
			productName = navbarImageTests;
			productReference = 18B97D9A1C75ADB700712053 /* navbarImageTests.xctest */;
			productType = "com.apple.product-type.bundle.unit-test";
		};
		18B97DA41C75ADB700712053 /* navbarImageUITests */ = {
			isa = PBXNativeTarget;
			buildConfigurationList = 18B97DB41C75ADB700712053 /* Build configuration list for PBXNativeTarget "navbarImageUITests" */;
			buildPhases = (
				18B97DA11C75ADB700712053 /* Sources */,
				18B97DA21C75ADB700712053 /* Frameworks */,
				18B97DA31C75ADB700712053 /* Resources */,
			);
			buildRules = (
			);
			dependencies = (
				18B97DA71C75ADB700712053 /* PBXTargetDependency */,
			);
			name = navbarImageUITests;
			productName = navbarImageUITests;
			productReference = 18B97DA51C75ADB700712053 /* navbarImageUITests.xctest */;
			productType = "com.apple.product-type.bundle.ui-testing";
		};
/* End PBXNativeTarget section */

/* Begin PBXProject section */
		18B97D7E1C75ADB700712053 /* Project object */ = {
			isa = PBXProject;
			attributes = {
				LastSwiftUpdateCheck = 0720;
				LastUpgradeCheck = 0720;
				ORGANIZATIONNAME = Seemu;
				TargetAttributes = {
					18B97D851C75ADB700712053 = {
						CreatedOnToolsVersion = 7.2;
						LastSwiftMigration = 0820;
					};
					18B97D991C75ADB700712053 = {
						CreatedOnToolsVersion = 7.2;
						LastSwiftMigration = 0820;
						TestTargetID = 18B97D851C75ADB700712053;
					};
					18B97DA41C75ADB700712053 = {
						CreatedOnToolsVersion = 7.2;
						LastSwiftMigration = 0820;
						TestTargetID = 18B97D851C75ADB700712053;
					};
				};
			};
			buildConfigurationList = 18B97D811C75ADB700712053 /* Build configuration list for PBXProject "navbarImage" */;
			compatibilityVersion = "Xcode 3.2";
			developmentRegion = English;
			hasScannedForEncodings = 0;
			knownRegions = (
				en,
				Base,
			);
			mainGroup = 18B97D7D1C75ADB700712053;
			productRefGroup = 18B97D871C75ADB700712053 /* Products */;
			projectDirPath = "";
			projectRoot = "";
			targets = (
				18B97D851C75ADB700712053 /* navbarImage */,
				18B97D991C75ADB700712053 /* navbarImageTests */,
				18B97DA41C75ADB700712053 /* navbarImageUITests */,
			);
		};
/* End PBXProject section */

/* Begin PBXResourcesBuildPhase section */
		18B97D841C75ADB700712053 /* Resources */ = {
			isa = PBXResourcesBuildPhase;
			buildActionMask = 2147483647;
			files = (
				18B97D941C75ADB700712053 /* LaunchScreen.storyboard in Resources */,
				18B97D911C75ADB700712053 /* Assets.xcassets in Resources */,
				18B97D8F1C75ADB700712053 /* Main.storyboard in Resources */,
			);
			runOnlyForDeploymentPostprocessing = 0;
		};
		18B97D981C75ADB700712053 /* Resources */ = {
			isa = PBXResourcesBuildPhase;
			buildActionMask = 2147483647;
			files = (
			);
			runOnlyForDeploymentPostprocessing = 0;
		};
		18B97DA31C75ADB700712053 /* Resources */ = {
			isa = PBXResourcesBuildPhase;
			buildActionMask = 2147483647;
			files = (
			);
			runOnlyForDeploymentPostprocessing = 0;
		};
/* End PBXResourcesBuildPhase section */

/* Begin PBXSourcesBuildPhase section */
		18B97D821C75ADB700712053 /* Sources */ = {
			isa = PBXSourcesBuildPhase;
			buildActionMask = 2147483647;
			files = (
				18B97D8C1C75ADB700712053 /* ViewController.swift in Sources */,
				18B97D8A1C75ADB700712053 /* AppDelegate.swift in Sources */,
			);
			runOnlyForDeploymentPostprocessing = 0;
		};
		18B97D961C75ADB700712053 /* Sources */ = {
			isa = PBXSourcesBuildPhase;
			buildActionMask = 2147483647;
			files = (
				18B97D9F1C75ADB700712053 /* navbarImageTests.swift in Sources */,
			);
			runOnlyForDeploymentPostprocessing = 0;
		};
		18B97DA11C75ADB700712053 /* Sources */ = {
			isa = PBXSourcesBuildPhase;
			buildActionMask = 2147483647;
			files = (
				18B97DAA1C75ADB700712053 /* navbarImageUITests.swift in Sources */,
			);
			runOnlyForDeploymentPostprocessing = 0;
		};
/* End PBXSourcesBuildPhase section */

/* Begin PBXTargetDependency section */
		18B97D9C1C75ADB700712053 /* PBXTargetDependency */ = {
			isa = PBXTargetDependency;
			target = 18B97D851C75ADB700712053 /* navbarImage */;
			targetProxy = 18B97D9B1C75ADB700712053 /* PBXContainerItemProxy */;
		};
		18B97DA71C75ADB700712053 /* PBXTargetDependency */ = {
			isa = PBXTargetDependency;
			target = 18B97D851C75ADB700712053 /* navbarImage */;
			targetProxy = 18B97DA61C75ADB700712053 /* PBXContainerItemProxy */;
		};
/* End PBXTargetDependency section */

/* Begin PBXVariantGroup section */
		18B97D8D1C75ADB700712053 /* Main.storyboard */ = {
			isa = PBXVariantGroup;
			children = (
				18B97D8E1C75ADB700712053 /* Base */,
			);
			name = Main.storyboard;
			sourceTree = "<group>";
		};
		18B97D921C75ADB700712053 /* LaunchScreen.storyboard */ = {
			isa = PBXVariantGroup;
			children = (
				18B97D931C75ADB700712053 /* Base */,
			);
			name = LaunchScreen.storyboard;
			sourceTree = "<group>";
		};
/* End PBXVariantGroup section */

/* Begin XCBuildConfiguration section */
		18B97DAC1C75ADB700712053 /* Debug */ = {
			isa = XCBuildConfiguration;
			buildSettings = {
				ALWAYS_SEARCH_USER_PATHS = NO;
				CLANG_CXX_LANGUAGE_STANDARD = "gnu++0x";
				CLANG_CXX_LIBRARY = "libc++";
				CLANG_ENABLE_MODULES = YES;
				CLANG_ENABLE_OBJC_ARC = YES;
				CLANG_WARN_BOOL_CONVERSION = YES;
				CLANG_WARN_CONSTANT_CONVERSION = YES;
				CLANG_WARN_DIRECT_OBJC_ISA_USAGE = YES_ERROR;
				CLANG_WARN_EMPTY_BODY = YES;
				CLANG_WARN_ENUM_CONVERSION = YES;
				CLANG_WARN_INT_CONVERSION = YES;
				CLANG_WARN_OBJC_ROOT_CLASS = YES_ERROR;
				CLANG_WARN_UNREACHABLE_CODE = YES;
				CLANG_WARN__DUPLICATE_METHOD_MATCH = YES;
				"CODE_SIGN_IDENTITY[sdk=iphoneos*]" = "iPhone Developer";
				COPY_PHASE_STRIP = NO;
				DEBUG_INFORMATION_FORMAT = dwarf;
				ENABLE_STRICT_OBJC_MSGSEND = YES;
				ENABLE_TESTABILITY = YES;
				GCC_C_LANGUAGE_STANDARD = gnu99;
				GCC_DYNAMIC_NO_PIC = NO;
				GCC_NO_COMMON_BLOCKS = YES;
				GCC_OPTIMIZATION_LEVEL = 0;
				GCC_PREPROCESSOR_DEFINITIONS = (
					"DEBUG=1",
					"$(inherited)",
				);
				GCC_WARN_64_TO_32_BIT_CONVERSION = YES;
				GCC_WARN_ABOUT_RETURN_TYPE = YES_ERROR;
				GCC_WARN_UNDECLARED_SELECTOR = YES;
				GCC_WARN_UNINITIALIZED_AUTOS = YES_AGGRESSIVE;
				GCC_WARN_UNUSED_FUNCTION = YES;
				GCC_WARN_UNUSED_VARIABLE = YES;
				IPHONEOS_DEPLOYMENT_TARGET = 9.2;
				MTL_ENABLE_DEBUG_INFO = YES;
				ONLY_ACTIVE_ARCH = YES;
				SDKROOT = iphoneos;
				SWIFT_OPTIMIZATION_LEVEL = "-Onone";
				TARGETED_DEVICE_FAMILY = "1,2";
			};
			name = Debug;
		};
		18B97DAD1C75ADB700712053 /* Release */ = {
			isa = XCBuildConfiguration;
			buildSettings = {
				ALWAYS_SEARCH_USER_PATHS = NO;
				CLANG_CXX_LANGUAGE_STANDARD = "gnu++0x";
				CLANG_CXX_LIBRARY = "libc++";
				CLANG_ENABLE_MODULES = YES;
				CLANG_ENABLE_OBJC_ARC = YES;
				CLANG_WARN_BOOL_CONVERSION = YES;
				CLANG_WARN_CONSTANT_CONVERSION = YES;
				CLANG_WARN_DIRECT_OBJC_ISA_USAGE = YES_ERROR;
				CLANG_WARN_EMPTY_BODY = YES;
				CLANG_WARN_ENUM_CONVERSION = YES;
				CLANG_WARN_INT_CONVERSION = YES;
				CLANG_WARN_OBJC_ROOT_CLASS = YES_ERROR;
				CLANG_WARN_UNREACHABLE_CODE = YES;
				CLANG_WARN__DUPLICATE_METHOD_MATCH = YES;
				"CODE_SIGN_IDENTITY[sdk=iphoneos*]" = "iPhone Developer";
				COPY_PHASE_STRIP = NO;
				DEBUG_INFORMATION_FORMAT = "dwarf-with-dsym";
				ENABLE_NS_ASSERTIONS = NO;
				ENABLE_STRICT_OBJC_MSGSEND = YES;
				GCC_C_LANGUAGE_STANDARD = gnu99;
				GCC_NO_COMMON_BLOCKS = YES;
				GCC_WARN_64_TO_32_BIT_CONVERSION = YES;
				GCC_WARN_ABOUT_RETURN_TYPE = YES_ERROR;
				GCC_WARN_UNDECLARED_SELECTOR = YES;
				GCC_WARN_UNINITIALIZED_AUTOS = YES_AGGRESSIVE;
				GCC_WARN_UNUSED_FUNCTION = YES;
				GCC_WARN_UNUSED_VARIABLE = YES;
				IPHONEOS_DEPLOYMENT_TARGET = 9.2;
				MTL_ENABLE_DEBUG_INFO = NO;
				SDKROOT = iphoneos;
				TARGETED_DEVICE_FAMILY = "1,2";
				VALIDATE_PRODUCT = YES;
			};
			name = Release;
		};
		18B97DAF1C75ADB700712053 /* Debug */ = {
			isa = XCBuildConfiguration;
			buildSettings = {
				ASSETCATALOG_COMPILER_APPICON_NAME = AppIcon;
				INFOPLIST_FILE = navbarImage/Info.plist;
				LD_RUNPATH_SEARCH_PATHS = "$(inherited) @executable_path/Frameworks";
				PRODUCT_BUNDLE_IDENTIFIER = Seemu.navbarImage;
				PRODUCT_NAME = "$(TARGET_NAME)";
				SWIFT_VERSION = 3.0;
			};
			name = Debug;
		};
		18B97DB01C75ADB700712053 /* Release */ = {
			isa = XCBuildConfiguration;
			buildSettings = {
				ASSETCATALOG_COMPILER_APPICON_NAME = AppIcon;
				INFOPLIST_FILE = navbarImage/Info.plist;
				LD_RUNPATH_SEARCH_PATHS = "$(inherited) @executable_path/Frameworks";
				PRODUCT_BUNDLE_IDENTIFIER = Seemu.navbarImage;
				PRODUCT_NAME = "$(TARGET_NAME)";
				SWIFT_VERSION = 3.0;
			};
			name = Release;
		};
		18B97DB21C75ADB700712053 /* Debug */ = {
			isa = XCBuildConfiguration;
			buildSettings = {
				BUNDLE_LOADER = "$(TEST_HOST)";
				INFOPLIST_FILE = navbarImageTests/Info.plist;
				LD_RUNPATH_SEARCH_PATHS = "$(inherited) @executable_path/Frameworks @loader_path/Frameworks";
				PRODUCT_BUNDLE_IDENTIFIER = Seemu.navbarImageTests;
				PRODUCT_NAME = "$(TARGET_NAME)";
				SWIFT_VERSION = 3.0;
				TEST_HOST = "$(BUILT_PRODUCTS_DIR)/navbarImage.app/navbarImage";
			};
			name = Debug;
		};
		18B97DB31C75ADB700712053 /* Release */ = {
			isa = XCBuildConfiguration;
			buildSettings = {
				BUNDLE_LOADER = "$(TEST_HOST)";
				INFOPLIST_FILE = navbarImageTests/Info.plist;
				LD_RUNPATH_SEARCH_PATHS = "$(inherited) @executable_path/Frameworks @loader_path/Frameworks";
				PRODUCT_BUNDLE_IDENTIFIER = Seemu.navbarImageTests;
				PRODUCT_NAME = "$(TARGET_NAME)";
				SWIFT_VERSION = 3.0;
				TEST_HOST = "$(BUILT_PRODUCTS_DIR)/navbarImage.app/navbarImage";
			};
			name = Release;
		};
		18B97DB51C75ADB700712053 /* Debug */ = {
			isa = XCBuildConfiguration;
			buildSettings = {
				INFOPLIST_FILE = navbarImageUITests/Info.plist;
				LD_RUNPATH_SEARCH_PATHS = "$(inherited) @executable_path/Frameworks @loader_path/Frameworks";
				PRODUCT_BUNDLE_IDENTIFIER = Seemu.navbarImageUITests;
				PRODUCT_NAME = "$(TARGET_NAME)";
				SWIFT_VERSION = 3.0;
				TEST_TARGET_NAME = navbarImage;
				USES_XCTRUNNER = YES;
			};
			name = Debug;
		};
		18B97DB61C75ADB700712053 /* Release */ = {
			isa = XCBuildConfiguration;
			buildSettings = {
				INFOPLIST_FILE = navbarImageUITests/Info.plist;
				LD_RUNPATH_SEARCH_PATHS = "$(inherited) @executable_path/Frameworks @loader_path/Frameworks";
				PRODUCT_BUNDLE_IDENTIFIER = Seemu.navbarImageUITests;
				PRODUCT_NAME = "$(TARGET_NAME)";
				SWIFT_VERSION = 3.0;
				TEST_TARGET_NAME = navbarImage;
				USES_XCTRUNNER = YES;
			};
			name = Release;
		};
/* End XCBuildConfiguration section */

/* Begin XCConfigurationList section */
		18B97D811C75ADB700712053 /* Build configuration list for PBXProject "navbarImage" */ = {
			isa = XCConfigurationList;
			buildConfigurations = (
				18B97DAC1C75ADB700712053 /* Debug */,
				18B97DAD1C75ADB700712053 /* Release */,
			);
			defaultConfigurationIsVisible = 0;
			defaultConfigurationName = Release;
		};
		18B97DAE1C75ADB700712053 /* Build configuration list for PBXNativeTarget "navbarImage" */ = {
			isa = XCConfigurationList;
			buildConfigurations = (
				18B97DAF1C75ADB700712053 /* Debug */,
				18B97DB01C75ADB700712053 /* Release */,
			);
			defaultConfigurationIsVisible = 0;
			defaultConfigurationName = Release;
		};
		18B97DB11C75ADB700712053 /* Build configuration list for PBXNativeTarget "navbarImageTests" */ = {
			isa = XCConfigurationList;
			buildConfigurations = (
				18B97DB21C75ADB700712053 /* Debug */,
				18B97DB31C75ADB700712053 /* Release */,
			);
			defaultConfigurationIsVisible = 0;
			defaultConfigurationName = Release;
		};
		18B97DB41C75ADB700712053 /* Build configuration list for PBXNativeTarget "navbarImageUITests" */ = {
			isa = XCConfigurationList;
			buildConfigurations = (
				18B97DB51C75ADB700712053 /* Debug */,
				18B97DB61C75ADB700712053 /* Release */,
			);
			defaultConfigurationIsVisible = 0;
			defaultConfigurationName = Release;
		};
/* End XCConfigurationList section */
	};
	rootObject = 18B97D7E1C75ADB700712053 /* Project object */;
}
